
Microsoft Visual Studio Solution File, Format Version 12.00
# Visual Studio 15
VisualStudioVersion = 15.0.28307.1800
MinimumVisualStudioVersion = 10.0.40219.1
Project("{FAE04EC0-301F-11D3-BF4B-00C04F79EFBC}") = "Non-Primitive Types", "Non-Primitive Types\Non-Primitive Types.csproj", "{28091965-B6FA-4AB8-9FB2-B00F6DEF0B7D}"
EndProject
Global
	GlobalSection(SolutionConfigurationPlatforms) = preSolution
		Debug|Any CPU = Debug|Any CPU
		Release|Any CPU = Release|Any CPU
	EndGlobalSection
	GlobalSection(ProjectConfigurationPlatforms) = postSolution
		{28091965-B6FA-4AB8-9FB2-B00F6DEF0B7D}.Debug|Any CPU.ActiveCfg = Debug|Any CPU
		{28091965-B6FA-4AB8-9FB2-B00F6DEF0B7D}.Debug|Any CPU.Build.0 = Debug|Any CPU
		{28091965-B6FA-4AB8-9FB2-B00F6DEF0B7D}.Release|Any CPU.ActiveCfg = Release|Any CPU
		{28091965-B6FA-4AB8-9FB2-B00F6DEF0B7D}.Release|Any CPU.Build.0 = Release|Any CPU
	EndGlobalSection
	GlobalSection(SolutionProperties) = preSolution
		HideSolutionNode = FALSE
	EndGlobalSection
	GlobalSection(ExtensibilityGlobals) = postSolution
		SolutionGuid = {9DF4889B-A498-495B-879E-10622BB7A38F}
	EndGlobalSection
EndGlobal
