
Microsoft Visual Studio Solution File, Format Version 12.00
# Visual Studio Version 17
VisualStudioVersion = 17.2.32526.322
MinimumVisualStudioVersion = 10.0.40219.1
Project("{FAE04EC0-301F-11D3-BF4B-00C04F79EFBC}") = "TestingExceptions", "TestingExceptions\TestingExceptions.csproj", "{B9556AD1-8893-4E08-9B65-9043A87F5218}"
EndProject
Global
	GlobalSection(SolutionConfigurationPlatforms) = preSolution
		Debug|Any CPU = Debug|Any CPU
		Release|Any CPU = Release|Any CPU
	EndGlobalSection
	GlobalSection(ProjectConfigurationPlatforms) = postSolution
		{B9556AD1-8893-4E08-9B65-9043A87F5218}.Debug|Any CPU.ActiveCfg = Debug|Any CPU
		{B9556AD1-8893-4E08-9B65-9043A87F5218}.Debug|Any CPU.Build.0 = Debug|Any CPU
		{B9556AD1-8893-4E08-9B65-9043A87F5218}.Release|Any CPU.ActiveCfg = Release|Any CPU
		{B9556AD1-8893-4E08-9B65-9043A87F5218}.Release|Any CPU.Build.0 = Release|Any CPU
	EndGlobalSection
	GlobalSection(SolutionProperties) = preSolution
		HideSolutionNode = FALSE
	EndGlobalSection
	GlobalSection(ExtensibilityGlobals) = postSolution
		SolutionGuid = {35CD6017-CB93-461B-BBC4-6961088FE4A1}
	EndGlobalSection
EndGlobal
