
Microsoft Visual Studio Solution File, Format Version 12.00
# Visual Studio 15
VisualStudioVersion = 15.0.28307.1800
MinimumVisualStudioVersion = 10.0.40219.1
Project("{FAE04EC0-301F-11D3-BF4B-00C04F79EFBC}") = "NNTstructs", "NNTstructs\NNTstructs.csproj", "{BFCCC05C-AE9F-4777-85C7-7836A3A8DD32}"
EndProject
Global
	GlobalSection(SolutionConfigurationPlatforms) = preSolution
		Debug|Any CPU = Debug|Any CPU
		Release|Any CPU = Release|Any CPU
	EndGlobalSection
	GlobalSection(ProjectConfigurationPlatforms) = postSolution
		{BFCCC05C-AE9F-4777-85C7-7836A3A8DD32}.Debug|Any CPU.ActiveCfg = Debug|Any CPU
		{BFCCC05C-AE9F-4777-85C7-7836A3A8DD32}.Debug|Any CPU.Build.0 = Debug|Any CPU
		{BFCCC05C-AE9F-4777-85C7-7836A3A8DD32}.Release|Any CPU.ActiveCfg = Release|Any CPU
		{BFCCC05C-AE9F-4777-85C7-7836A3A8DD32}.Release|Any CPU.Build.0 = Release|Any CPU
	EndGlobalSection
	GlobalSection(SolutionProperties) = preSolution
		HideSolutionNode = FALSE
	EndGlobalSection
	GlobalSection(ExtensibilityGlobals) = postSolution
		SolutionGuid = {F1B18BA6-51DD-4A15-82FE-9773E2B48052}
	EndGlobalSection
EndGlobal
