
Microsoft Visual Studio Solution File, Format Version 12.00
# Visual Studio 15
VisualStudioVersion = 15.0.28307.1831
MinimumVisualStudioVersion = 10.0.40219.1
Project("{FAE04EC0-301F-11D3-BF4B-00C04F79EFBC}") = "Classes", "Classes\Classes.csproj", "{08601DD7-A2EF-4817-9E0F-07F9BE71EB70}"
EndProject
Global
	GlobalSection(SolutionConfigurationPlatforms) = preSolution
		Debug|Any CPU = Debug|Any CPU
		Release|Any CPU = Release|Any CPU
	EndGlobalSection
	GlobalSection(ProjectConfigurationPlatforms) = postSolution
		{08601DD7-A2EF-4817-9E0F-07F9BE71EB70}.Debug|Any CPU.ActiveCfg = Debug|Any CPU
		{08601DD7-A2EF-4817-9E0F-07F9BE71EB70}.Debug|Any CPU.Build.0 = Debug|Any CPU
		{08601DD7-A2EF-4817-9E0F-07F9BE71EB70}.Release|Any CPU.ActiveCfg = Release|Any CPU
		{08601DD7-A2EF-4817-9E0F-07F9BE71EB70}.Release|Any CPU.Build.0 = Release|Any CPU
	EndGlobalSection
	GlobalSection(SolutionProperties) = preSolution
		HideSolutionNode = FALSE
	EndGlobalSection
	GlobalSection(ExtensibilityGlobals) = postSolution
		SolutionGuid = {DECC1F22-F152-40C0-A7E8-FF6F9AA33603}
	EndGlobalSection
EndGlobal
