
Microsoft Visual Studio Solution File, Format Version 12.00
# Visual Studio 15
VisualStudioVersion = 15.0.28307.1972
MinimumVisualStudioVersion = 10.0.40219.1
Project("{FAE04EC0-301F-11D3-BF4B-00C04F79EFBC}") = "WpfApp1", "WpfApp1\WpfApp1.csproj", "{1CEF8F78-EB87-4DA5-9FA5-67E3ED093532}"
EndProject
Global
	GlobalSection(SolutionConfigurationPlatforms) = preSolution
		Debug|Any CPU = Debug|Any CPU
		Release|Any CPU = Release|Any CPU
	EndGlobalSection
	GlobalSection(ProjectConfigurationPlatforms) = postSolution
		{1CEF8F78-EB87-4DA5-9FA5-67E3ED093532}.Debug|Any CPU.ActiveCfg = Debug|Any CPU
		{1CEF8F78-EB87-4DA5-9FA5-67E3ED093532}.Debug|Any CPU.Build.0 = Debug|Any CPU
		{1CEF8F78-EB87-4DA5-9FA5-67E3ED093532}.Release|Any CPU.ActiveCfg = Release|Any CPU
		{1CEF8F78-EB87-4DA5-9FA5-67E3ED093532}.Release|Any CPU.Build.0 = Release|Any CPU
	EndGlobalSection
	GlobalSection(SolutionProperties) = preSolution
		HideSolutionNode = FALSE
	EndGlobalSection
	GlobalSection(ExtensibilityGlobals) = postSolution
		SolutionGuid = {51DDE217-BA42-4B63-BE35-58A3BC1FC921}
	EndGlobalSection
EndGlobal
