
Microsoft Visual Studio Solution File, Format Version 12.00
# Visual Studio 15
VisualStudioVersion = 15.0.28307.1831
MinimumVisualStudioVersion = 10.0.40219.1
Project("{FAE04EC0-301F-11D3-BF4B-00C04F79EFBC}") = "Abstract Class", "Abstract Class\Abstract Class.csproj", "{153B09DF-4586-478A-9FFC-FC28E75C133C}"
EndProject
Global
	GlobalSection(SolutionConfigurationPlatforms) = preSolution
		Debug|Any CPU = Debug|Any CPU
		Release|Any CPU = Release|Any CPU
	EndGlobalSection
	GlobalSection(ProjectConfigurationPlatforms) = postSolution
		{153B09DF-4586-478A-9FFC-FC28E75C133C}.Debug|Any CPU.ActiveCfg = Debug|Any CPU
		{153B09DF-4586-478A-9FFC-FC28E75C133C}.Debug|Any CPU.Build.0 = Debug|Any CPU
		{153B09DF-4586-478A-9FFC-FC28E75C133C}.Release|Any CPU.ActiveCfg = Release|Any CPU
		{153B09DF-4586-478A-9FFC-FC28E75C133C}.Release|Any CPU.Build.0 = Release|Any CPU
	EndGlobalSection
	GlobalSection(SolutionProperties) = preSolution
		HideSolutionNode = FALSE
	EndGlobalSection
	GlobalSection(ExtensibilityGlobals) = postSolution
		SolutionGuid = {C1A2EB20-4AC6-4440-BDA1-0A5C0E40EF91}
	EndGlobalSection
EndGlobal
