
Microsoft Visual Studio Solution File, Format Version 12.00
# Visual Studio 15
VisualStudioVersion = 15.0.28307.1800
MinimumVisualStudioVersion = 10.0.40219.1
Project("{FAE04EC0-301F-11D3-BF4B-00C04F79EFBC}") = "strings", "strings\strings.csproj", "{6B2F22E2-CD05-4038-B150-D9C2B2EFCD6C}"
EndProject
Global
	GlobalSection(SolutionConfigurationPlatforms) = preSolution
		Debug|Any CPU = Debug|Any CPU
		Release|Any CPU = Release|Any CPU
	EndGlobalSection
	GlobalSection(ProjectConfigurationPlatforms) = postSolution
		{6B2F22E2-CD05-4038-B150-D9C2B2EFCD6C}.Debug|Any CPU.ActiveCfg = Debug|Any CPU
		{6B2F22E2-CD05-4038-B150-D9C2B2EFCD6C}.Debug|Any CPU.Build.0 = Debug|Any CPU
		{6B2F22E2-CD05-4038-B150-D9C2B2EFCD6C}.Release|Any CPU.ActiveCfg = Release|Any CPU
		{6B2F22E2-CD05-4038-B150-D9C2B2EFCD6C}.Release|Any CPU.Build.0 = Release|Any CPU
	EndGlobalSection
	GlobalSection(SolutionProperties) = preSolution
		HideSolutionNode = FALSE
	EndGlobalSection
	GlobalSection(ExtensibilityGlobals) = postSolution
		SolutionGuid = {3D25FC18-F7A1-48E6-90DF-1E48866BE535}
	EndGlobalSection
EndGlobal
