
Microsoft Visual Studio Solution File, Format Version 12.00
# Visual Studio Version 17
VisualStudioVersion = 17.3.32714.290
MinimumVisualStudioVersion = 10.0.40219.1
Project("{FAE04EC0-301F-11D3-BF4B-00C04F79EFBC}") = "DateTimeParseFormat", "DateTimeParseFormat\DateTimeParseFormat.csproj", "{EBA5AFCC-5C9B-41DB-9E6C-9D22158BF90F}"
EndProject
Global
	GlobalSection(SolutionConfigurationPlatforms) = preSolution
		Debug|Any CPU = Debug|Any CPU
		Release|Any CPU = Release|Any CPU
	EndGlobalSection
	GlobalSection(ProjectConfigurationPlatforms) = postSolution
		{EBA5AFCC-5C9B-41DB-9E6C-9D22158BF90F}.Debug|Any CPU.ActiveCfg = Debug|Any CPU
		{EBA5AFCC-5C9B-41DB-9E6C-9D22158BF90F}.Debug|Any CPU.Build.0 = Debug|Any CPU
		{EBA5AFCC-5C9B-41DB-9E6C-9D22158BF90F}.Release|Any CPU.ActiveCfg = Release|Any CPU
		{EBA5AFCC-5C9B-41DB-9E6C-9D22158BF90F}.Release|Any CPU.Build.0 = Release|Any CPU
	EndGlobalSection
	GlobalSection(SolutionProperties) = preSolution
		HideSolutionNode = FALSE
	EndGlobalSection
	GlobalSection(ExtensibilityGlobals) = postSolution
		SolutionGuid = {CAFA7C7D-85B8-4D1B-83F2-3398388456D5}
	EndGlobalSection
EndGlobal
