
Microsoft Visual Studio Solution File, Format Version 12.00
# Visual Studio Version 17
VisualStudioVersion = 17.2.32616.157
MinimumVisualStudioVersion = 10.0.40219.1
Project("{FAE04EC0-301F-11D3-BF4B-00C04F79EFBC}") = "Async_2", "Async_2\Async_2.csproj", "{992D38C4-945A-4849-A485-6B1A751A63D7}"
EndProject
Global
	GlobalSection(SolutionConfigurationPlatforms) = preSolution
		Debug|Any CPU = Debug|Any CPU
		Release|Any CPU = Release|Any CPU
	EndGlobalSection
	GlobalSection(ProjectConfigurationPlatforms) = postSolution
		{992D38C4-945A-4849-A485-6B1A751A63D7}.Debug|Any CPU.ActiveCfg = Debug|Any CPU
		{992D38C4-945A-4849-A485-6B1A751A63D7}.Debug|Any CPU.Build.0 = Debug|Any CPU
		{992D38C4-945A-4849-A485-6B1A751A63D7}.Release|Any CPU.ActiveCfg = Release|Any CPU
		{992D38C4-945A-4849-A485-6B1A751A63D7}.Release|Any CPU.Build.0 = Release|Any CPU
	EndGlobalSection
	GlobalSection(SolutionProperties) = preSolution
		HideSolutionNode = FALSE
	EndGlobalSection
	GlobalSection(ExtensibilityGlobals) = postSolution
		SolutionGuid = {3DDCC3B2-7458-46F6-BC61-76E6E5872C10}
	EndGlobalSection
EndGlobal
